# @generated - this file is auto-generated by `mise lock` https://mise.jdx.dev/dev-tools/mise-lock.html

lockfile_version = 1

[[tools.prek]]
version = "0.5.2"
backend = "aqua:j178/prek"
specifiers = ["latest"]

[tools.prek."platforms.linux-arm64"]
checksum = "sha256:e9fb7d5e1ecab022c897ffdaa347a96a898c932584f03c8546c9965acb9d5a33"
url = "https://github.com/j178/prek/releases/download/v0.5.2/prek-aarch64-unknown-linux-gnu.tar.gz"
url_api = "https://api.github.com/repos/j178/prek/releases/assets/541547305"
provenance = "github-attestations"

[tools.prek."platforms.linux-arm64-musl"]
checksum = "sha256:ffc9334cdac13b2df716d391353d5e8307c06a08c135b844dabd3781c4c6518b"
url = "https://github.com/j178/prek/releases/download/v0.5.2/prek-aarch64-unknown-linux-musl.tar.gz"
url_api = "https://api.github.com/repos/j178/prek/releases/assets/541547315"
provenance = "github-attestations"

[tools.prek."platforms.linux-x64"]
checksum = "sha256:a4d51a463cb15ee2929368cc4884eec4ef33dce3ff5101b40e8ad7e1205b8f40"
url = "https://github.com/j178/prek/releases/download/v0.5.2/prek-x86_64-unknown-linux-gnu.tar.gz"
url_api = "https://api.github.com/repos/j178/prek/releases/assets/541547346"
provenance = "github-attestations"

[tools.prek."platforms.linux-x64-musl"]
checksum = "sha256:6b4f5c74a621d71f8dba09a9c0669f0d9488207805861c8a7d5f6b15201d4771"
url = "https://github.com/j178/prek/releases/download/v0.5.2/prek-x86_64-unknown-linux-musl.tar.gz"
url_api = "https://api.github.com/repos/j178/prek/releases/assets/541547355"
provenance = "github-attestations"

[tools.prek."platforms.macos-arm64"]
checksum = "sha256:f3ef7692f8873c36d9437c77389833d3165fbe705ea66e53e169d83a89055f9b"
url = "https://github.com/j178/prek/releases/download/v0.5.2/prek-aarch64-apple-darwin.tar.gz"
url_api = "https://api.github.com/repos/j178/prek/releases/assets/541547294"
provenance = "github-attestations"

[tools.prek."platforms.macos-x64"]
checksum = "sha256:5dfd123b8cf15f51dc8cbff6f12b674448b19a684ff1696db20f963ec2417e11"
url = "https://github.com/j178/prek/releases/download/v0.5.2/prek-x86_64-apple-darwin.tar.gz"
url_api = "https://api.github.com/repos/j178/prek/releases/assets/541547333"
provenance = "github-attestations"

[tools.prek."platforms.windows-x64"]
checksum = "sha256:03b6a7261d3a7e2d184ceca9c7e5fcb43b9dec83c8945976cddc3caa8b34b4c0"
url = "https://github.com/j178/prek/releases/download/v0.5.2/prek-x86_64-pc-windows-msvc.zip"
url_api = "https://api.github.com/repos/j178/prek/releases/assets/541547341"
provenance = "github-attestations"

[[tools.zola]]
version = "0.23.4"
backend = "aqua:getzola/zola"
specifiers = ["latest"]

[tools.zola."platforms.linux-arm64"]
checksum = "sha256:21bb37a4f3bbac663cf8f04df9b51ac6bc154acfe2cf2c3e9ea162b4951487b6"
url = "https://github.com/getzola/zola/releases/download/v0.23.4/zola-v0.23.4-aarch64-unknown-linux-gnu.tar.gz"
url_api = "https://api.github.com/repos/getzola/zola/releases/assets/522506503"
provenance = "github-attestations"

[tools.zola."platforms.linux-arm64-musl"]
provenance = "github-attestations"

[tools.zola."platforms.linux-x64"]
checksum = "sha256:54d1a347781b2f32330914fcc02def81c7e3ddb6111b36d1cc89c06557aed1de"
url = "https://github.com/getzola/zola/releases/download/v0.23.4/zola-v0.23.4-x86_64-unknown-linux-gnu.tar.gz"
url_api = "https://api.github.com/repos/getzola/zola/releases/assets/522506497"
provenance = "github-attestations"

[tools.zola."platforms.linux-x64-musl"]
checksum = "sha256:d99c51302ebbf909a0d83d4319d4d745b56a93dc49c4a69878c0f0dcaa4c8531"
url = "https://github.com/getzola/zola/releases/download/v0.23.4/zola-v0.23.4-x86_64-unknown-linux-musl.tar.gz"
url_api = "https://api.github.com/repos/getzola/zola/releases/assets/522506493"
provenance = "github-attestations"

[tools.zola."platforms.macos-arm64"]
checksum = "sha256:303b8e1f3251a6250e47f811eda143316f653c22201faa66777d48ac499c0ee3"
url = "https://github.com/getzola/zola/releases/download/v0.23.4/zola-v0.23.4-aarch64-apple-darwin.tar.gz"
url_api = "https://api.github.com/repos/getzola/zola/releases/assets/522506499"
provenance = "github-attestations"

[tools.zola."platforms.macos-x64"]
checksum = "sha256:e79edcba2e8d03d22065c9cb8fa2e3abf07b823ef17f00abdc060188dceabba7"
url = "https://github.com/getzola/zola/releases/download/v0.23.4/zola-v0.23.4-x86_64-apple-darwin.tar.gz"
url_api = "https://api.github.com/repos/getzola/zola/releases/assets/522506506"
provenance = "github-attestations"

[tools.zola."platforms.windows-x64"]
checksum = "sha256:dc839498e27b631f60fd5e1527935198b7f002eb09b8446a1e2913a8fa386925"
url = "https://github.com/getzola/zola/releases/download/v0.23.4/zola-v0.23.4-x86_64-pc-windows-msvc.zip"
url_api = "https://api.github.com/repos/getzola/zola/releases/assets/522506492"
provenance = "github-attestations"
